
Microsoft Visual Studio Solution File, Format Version 12.00
# Visual Studio 2012
Project("{FAE04EC0-301F-11D3-BF4B-00C04F79EFBC}") = "CaptchaManager", "CaptchaManager\CaptchaManager.csproj", "{B85332B2-44F1-4F10-B84B-F7384817397B}"
EndProject
Project("{FAE04EC0-301F-11D3-BF4B-00C04F79EFBC}") = "CaptchaManager.Tests", "CaptchaManager.Tests\CaptchaManager.Tests.csproj", "{8DF893E8-FDF9-47D0-8A30-26DAB2F67E45}"
EndProject
Global
	GlobalSection(SolutionConfigurationPlatforms) = preSolution
		Debug|Any CPU = Debug|Any CPU
		Release|Any CPU = Release|Any CPU
	EndGlobalSection
	GlobalSection(ProjectConfigurationPlatforms) = postSolution
		{B85332B2-44F1-4F10-B84B-F7384817397B}.Debug|Any CPU.ActiveCfg = Debug|Any CPU
		{B85332B2-44F1-4F10-B84B-F7384817397B}.Debug|Any CPU.Build.0 = Debug|Any CPU
		{B85332B2-44F1-4F10-B84B-F7384817397B}.Release|Any CPU.ActiveCfg = Release|Any CPU
		{B85332B2-44F1-4F10-B84B-F7384817397B}.Release|Any CPU.Build.0 = Release|Any CPU
		{8DF893E8-FDF9-47D0-8A30-26DAB2F67E45}.Debug|Any CPU.ActiveCfg = Debug|Any CPU
		{8DF893E8-FDF9-47D0-8A30-26DAB2F67E45}.Debug|Any CPU.Build.0 = Debug|Any CPU
		{8DF893E8-FDF9-47D0-8A30-26DAB2F67E45}.Release|Any CPU.ActiveCfg = Release|Any CPU
		{8DF893E8-FDF9-47D0-8A30-26DAB2F67E45}.Release|Any CPU.Build.0 = Release|Any CPU
	EndGlobalSection
	GlobalSection(SolutionProperties) = preSolution
		HideSolutionNode = FALSE
	EndGlobalSection
EndGlobal
